
Microsoft Visual Studio Solution File, Format Version 12.00
# Visual Studio 15
VisualStudioVersion = 15.0.27703.2047
MinimumVisualStudioVersion = 10.0.40219.1
Project("{FAE04EC0-301F-11D3-BF4B-00C04F79EFBC}") = "Laboratorio5-LeonardoHuilitraro", "Laboratorio5-LeonardoHuilitraro\Laboratorio5-LeonardoHuilitraro.csproj", "{81AA5267-B59F-4CC2-84C9-1D0010E05017}"
EndProject
Global
	GlobalSection(SolutionConfigurationPlatforms) = preSolution
		Debug|Any CPU = Debug|Any CPU
		Release|Any CPU = Release|Any CPU
	EndGlobalSection
	GlobalSection(ProjectConfigurationPlatforms) = postSolution
		{81AA5267-B59F-4CC2-84C9-1D0010E05017}.Debug|Any CPU.ActiveCfg = Debug|Any CPU
		{81AA5267-B59F-4CC2-84C9-1D0010E05017}.Debug|Any CPU.Build.0 = Debug|Any CPU
		{81AA5267-B59F-4CC2-84C9-1D0010E05017}.Release|Any CPU.ActiveCfg = Release|Any CPU
		{81AA5267-B59F-4CC2-84C9-1D0010E05017}.Release|Any CPU.Build.0 = Release|Any CPU
	EndGlobalSection
	GlobalSection(SolutionProperties) = preSolution
		HideSolutionNode = FALSE
	EndGlobalSection
	GlobalSection(ExtensibilityGlobals) = postSolution
		SolutionGuid = {B821845D-C10E-4ACB-BC80-902A2A636A80}
	EndGlobalSection
EndGlobal
